// !$*UTF8*$!
{
	archiveVersion = 1;
	classes = {
	};
	objectVersion = 55;
	objects = {

/* Begin PBXBuildFile section */
		DA7D240D290E254E0053055C /* FirebaseAnalytics in Frameworks */ = {isa = PBXBuildFile; productRef = DA7D240C290E254E0053055C /* FirebaseAnalytics */; };
		DA7D240F290E254E0053055C /* FirebaseAuth in Frameworks */ = {isa = PBXBuildFile; productRef = DA7D240E290E254E0053055C /* FirebaseAuth */; };
		DA7D2411290E254E0053055C /* FirebaseFirestore in Frameworks */ = {isa = PBXBuildFile; productRef = DA7D2410290E254E0053055C /* FirebaseFirestore */; };
		DA7D2413290E254E0053055C /* FirebaseFirestoreSwift in Frameworks */ = {isa = PBXBuildFile; productRef = DA7D2412290E254E0053055C /* FirebaseFirestoreSwift */; };
		DA7D2415290E254E0053055C /* FirebaseStorage in Frameworks */ = {isa = PBXBuildFile; productRef = DA7D2414290E254E0053055C /* FirebaseStorage */; };
		DA7D2417290E275E0053055C /* SignUpViewController.swift in Sources */ = {isa = PBXBuildFile; fileRef = DA7D2416290E275E0053055C /* SignUpViewController.swift */; };
		DA7D241B290E4F710053055C /* GoogleService-Info.plist in Resources */ = {isa = PBXBuildFile; fileRef = DA7D241A290E4F710053055C /* GoogleService-Info.plist */; };
		DA7D241D290E540C0053055C /* LoginViewController.swift in Sources */ = {isa = PBXBuildFile; fileRef = DA7D241C290E540C0053055C /* LoginViewController.swift */; };
		DAFFF9F128FBAED3007CFAB7 /* AppDelegate.swift in Sources */ = {isa = PBXBuildFile; fileRef = DAFFF9F028FBAED3007CFAB7 /* AppDelegate.swift */; };
		DAFFF9F328FBAED3007CFAB7 /* SceneDelegate.swift in Sources */ = {isa = PBXBuildFile; fileRef = DAFFF9F228FBAED3007CFAB7 /* SceneDelegate.swift */; };
		DAFFF9F528FBAED3007CFAB7 /* ViewController.swift in Sources */ = {isa = PBXBuildFile; fileRef = DAFFF9F428FBAED3007CFAB7 /* ViewController.swift */; };
		DAFFF9F828FBAED3007CFAB7 /* Main.storyboard in Resources */ = {isa = PBXBuildFile; fileRef = DAFFF9F628FBAED3007CFAB7 /* Main.storyboard */; };
		DAFFF9FA28FBAED7007CFAB7 /* Assets.xcassets in Resources */ = {isa = PBXBuildFile; fileRef = DAFFF9F928FBAED7007CFAB7 /* Assets.xcassets */; };
		DAFFF9FD28FBAED7007CFAB7 /* LaunchScreen.storyboard in Resources */ = {isa = PBXBuildFile; fileRef = DAFFF9FB28FBAED7007CFAB7 /* LaunchScreen.storyboard */; };
		DAFFFA0828FBAED8007CFAB7 /* TaskAppTests.swift in Sources */ = {isa = PBXBuildFile; fileRef = DAFFFA0728FBAED8007CFAB7 /* TaskAppTests.swift */; };
		DAFFFA1228FBAED8007CFAB7 /* TaskAppUITests.swift in Sources */ = {isa = PBXBuildFile; fileRef = DAFFFA1128FBAED8007CFAB7 /* TaskAppUITests.swift */; };
		DAFFFA1428FBAED8007CFAB7 /* TaskAppUITestsLaunchTests.swift in Sources */ = {isa = PBXBuildFile; fileRef = DAFFFA1328FBAED8007CFAB7 /* TaskAppUITestsLaunchTests.swift */; };
		DAFFFA2B28FBD4CD007CFAB7 /* ChatListViewController.swift in Sources */ = {isa = PBXBuildFile; fileRef = DAFFFA2A28FBD4CD007CFAB7 /* ChatListViewController.swift */; };
		DAFFFA2E28FBD788007CFAB7 /* ChatTableViewCell.swift in Sources */ = {isa = PBXBuildFile; fileRef = DAFFFA2C28FBD788007CFAB7 /* ChatTableViewCell.swift */; };
		DAFFFA2F28FBD788007CFAB7 /* ChatTableViewCell.xib in Resources */ = {isa = PBXBuildFile; fileRef = DAFFFA2D28FBD788007CFAB7 /* ChatTableViewCell.xib */; };
		DAFFFA3128FBD8A6007CFAB7 /* Chat_logViewController.swift in Sources */ = {isa = PBXBuildFile; fileRef = DAFFFA3028FBD8A6007CFAB7 /* Chat_logViewController.swift */; };
/* End PBXBuildFile section */

/* Begin PBXContainerItemProxy section */
		DAFFFA0428FBAED8007CFAB7 /* PBXContainerItemProxy */ = {
			isa = PBXContainerItemProxy;
			containerPortal = DAFFF9E528FBAED3007CFAB7 /* Project object */;
			proxyType = 1;
			remoteGlobalIDString = DAFFF9EC28FBAED3007CFAB7;
			remoteInfo = TaskApp;
		};
		DAFFFA0E28FBAED8007CFAB7 /* PBXContainerItemProxy */ = {
			isa = PBXContainerItemProxy;
			containerPortal = DAFFF9E528FBAED3007CFAB7 /* Project object */;
			proxyType = 1;
			remoteGlobalIDString = DAFFF9EC28FBAED3007CFAB7;
			remoteInfo = TaskApp;
		};
/* End PBXContainerItemProxy section */

/* Begin PBXFileReference section */
		DA7D2416290E275E0053055C /* SignUpViewController.swift */ = {isa = PBXFileReference; lastKnownFileType = sourcecode.swift; path = SignUpViewController.swift; sourceTree = "<group>"; };
		DA7D241A290E4F710053055C /* GoogleService-Info.plist */ = {isa = PBXFileReference; fileEncoding = 4; lastKnownFileType = text.plist.xml; path = "GoogleService-Info.plist"; sourceTree = "<group>"; };
		DA7D241C290E540C0053055C /* LoginViewController.swift */ = {isa = PBXFileReference; lastKnownFileType = sourcecode.swift; path = LoginViewController.swift; sourceTree = "<group>"; };
		DAFFF9ED28FBAED3007CFAB7 /* TaskApp.app */ = {isa = PBXFileReference; explicitFileType = wrapper.application; includeInIndex = 0; path = TaskApp.app; sourceTree = BUILT_PRODUCTS_DIR; };
		DAFFF9F028FBAED3007CFAB7 /* AppDelegate.swift */ = {isa = PBXFileReference; lastKnownFileType = sourcecode.swift; path = AppDelegate.swift; sourceTree = "<group>"; };
		DAFFF9F228FBAED3007CFAB7 /* SceneDelegate.swift */ = {isa = PBXFileReference; lastKnownFileType = sourcecode.swift; path = SceneDelegate.swift; sourceTree = "<group>"; };
		DAFFF9F428FBAED3007CFAB7 /* ViewController.swift */ = {isa = PBXFileReference; lastKnownFileType = sourcecode.swift; path = ViewController.swift; sourceTree = "<group>"; };
		DAFFF9F728FBAED3007CFAB7 /* Base */ = {isa = PBXFileReference; lastKnownFileType = file.storyboard; name = Base; path = Base.lproj/Main.storyboard; sourceTree = "<group>"; };
		DAFFF9F928FBAED7007CFAB7 /* Assets.xcassets */ = {isa = PBXFileReference; lastKnownFileType = folder.assetcatalog; path = Assets.xcassets; sourceTree = "<group>"; };
		DAFFF9FC28FBAED7007CFAB7 /* Base */ = {isa = PBXFileReference; lastKnownFileType = file.storyboard; name = Base; path = Base.lproj/LaunchScreen.storyboard; sourceTree = "<group>"; };
		DAFFF9FE28FBAED7007CFAB7 /* Info.plist */ = {isa = PBXFileReference; lastKnownFileType = text.plist.xml; path = Info.plist; sourceTree = "<group>"; };
		DAFFFA0328FBAED8007CFAB7 /* TaskAppTests.xctest */ = {isa = PBXFileReference; explicitFileType = wrapper.cfbundle; includeInIndex = 0; path = TaskAppTests.xctest; sourceTree = BUILT_PRODUCTS_DIR; };
		DAFFFA0728FBAED8007CFAB7 /* TaskAppTests.swift */ = {isa = PBXFileReference; lastKnownFileType = sourcecode.swift; path = TaskAppTests.swift; sourceTree = "<group>"; };
		DAFFFA0D28FBAED8007CFAB7 /* TaskAppUITests.xctest */ = {isa = PBXFileReference; explicitFileType = wrapper.cfbundle; includeInIndex = 0; path = TaskAppUITests.xctest; sourceTree = BUILT_PRODUCTS_DIR; };
		DAFFFA1128FBAED8007CFAB7 /* TaskAppUITests.swift */ = {isa = PBXFileReference; lastKnownFileType = sourcecode.swift; path = TaskAppUITests.swift; sourceTree = "<group>"; };
		DAFFFA1328FBAED8007CFAB7 /* TaskAppUITestsLaunchTests.swift */ = {isa = PBXFileReference; lastKnownFileType = sourcecode.swift; path = TaskAppUITestsLaunchTests.swift; sourceTree = "<group>"; };
		DAFFFA2A28FBD4CD007CFAB7 /* ChatListViewController.swift */ = {isa = PBXFileReference; lastKnownFileType = sourcecode.swift; path = ChatListViewController.swift; sourceTree = "<group>"; };
		DAFFFA2C28FBD788007CFAB7 /* ChatTableViewCell.swift */ = {isa = PBXFileReference; lastKnownFileType = sourcecode.swift; path = ChatTableViewCell.swift; sourceTree = "<group>"; };
		DAFFFA2D28FBD788007CFAB7 /* ChatTableViewCell.xib */ = {isa = PBXFileReference; lastKnownFileType = file.xib; path = ChatTableViewCell.xib; sourceTree = "<group>"; };
		DAFFFA3028FBD8A6007CFAB7 /* Chat_logViewController.swift */ = {isa = PBXFileReference; lastKnownFileType = sourcecode.swift; path = Chat_logViewController.swift; sourceTree = "<group>"; };
/* End PBXFileReference section */

/* Begin PBXFrameworksBuildPhase section */
		DAFFF9EA28FBAED3007CFAB7 /* Frameworks */ = {
			isa = PBXFrameworksBuildPhase;
			buildActionMask = 2147483647;
			files = (
				DA7D240D290E254E0053055C /* FirebaseAnalytics in Frameworks */,
				DA7D240F290E254E0053055C /* FirebaseAuth in Frameworks */,
				DA7D2411290E254E0053055C /* FirebaseFirestore in Frameworks */,
				DA7D2415290E254E0053055C /* FirebaseStorage in Frameworks */,
				DA7D2413290E254E0053055C /* FirebaseFirestoreSwift in Frameworks */,
			);
			runOnlyForDeploymentPostprocessing = 0;
		};
		DAFFFA0028FBAED8007CFAB7 /* Frameworks */ = {
			isa = PBXFrameworksBuildPhase;
			buildActionMask = 2147483647;
			files = (
			);
			runOnlyForDeploymentPostprocessing = 0;
		};
		DAFFFA0A28FBAED8007CFAB7 /* Frameworks */ = {
			isa = PBXFrameworksBuildPhase;
			buildActionMask = 2147483647;
			files = (
			);
			runOnlyForDeploymentPostprocessing = 0;
		};
/* End PBXFrameworksBuildPhase section */

/* Begin PBXGroup section */
		DAFFF9E428FBAED3007CFAB7 = {
			isa = PBXGroup;
			children = (
				DA7D241A290E4F710053055C /* GoogleService-Info.plist */,
				DAFFFA3028FBD8A6007CFAB7 /* Chat_logViewController.swift */,
				DAFFFA2C28FBD788007CFAB7 /* ChatTableViewCell.swift */,
				DAFFFA2D28FBD788007CFAB7 /* ChatTableViewCell.xib */,
				DAFFF9EF28FBAED3007CFAB7 /* TaskApp */,
				DAFFFA0628FBAED8007CFAB7 /* TaskAppTests */,
				DAFFFA1028FBAED8007CFAB7 /* TaskAppUITests */,
				DAFFF9EE28FBAED3007CFAB7 /* Products */,
			);
			sourceTree = "<group>";
		};
		DAFFF9EE28FBAED3007CFAB7 /* Products */ = {
			isa = PBXGroup;
			children = (
				DAFFF9ED28FBAED3007CFAB7 /* TaskApp.app */,
				DAFFFA0328FBAED8007CFAB7 /* TaskAppTests.xctest */,
				DAFFFA0D28FBAED8007CFAB7 /* TaskAppUITests.xctest */,
			);
			name = Products;
			sourceTree = "<group>";
		};
		DAFFF9EF28FBAED3007CFAB7 /* TaskApp */ = {
			isa = PBXGroup;
			children = (
				DAFFF9F028FBAED3007CFAB7 /* AppDelegate.swift */,
				DAFFF9F228FBAED3007CFAB7 /* SceneDelegate.swift */,
				DAFFFA2A28FBD4CD007CFAB7 /* ChatListViewController.swift */,
				DAFFF9F428FBAED3007CFAB7 /* ViewController.swift */,
				DAFFF9F628FBAED3007CFAB7 /* Main.storyboard */,
				DAFFF9F928FBAED7007CFAB7 /* Assets.xcassets */,
				DAFFF9FB28FBAED7007CFAB7 /* LaunchScreen.storyboard */,
				DAFFF9FE28FBAED7007CFAB7 /* Info.plist */,
				DA7D2416290E275E0053055C /* SignUpViewController.swift */,
				DA7D241C290E540C0053055C /* LoginViewController.swift */,
			);
			path = TaskApp;
			sourceTree = "<group>";
		};
		DAFFFA0628FBAED8007CFAB7 /* TaskAppTests */ = {
			isa = PBXGroup;
			children = (
				DAFFFA0728FBAED8007CFAB7 /* TaskAppTests.swift */,
			);
			path = TaskAppTests;
			sourceTree = "<group>";
		};
		DAFFFA1028FBAED8007CFAB7 /* TaskAppUITests */ = {
			isa = PBXGroup;
			children = (
				DAFFFA1128FBAED8007CFAB7 /* TaskAppUITests.swift */,
				DAFFFA1328FBAED8007CFAB7 /* TaskAppUITestsLaunchTests.swift */,
			);
			path = TaskAppUITests;
			sourceTree = "<group>";
		};
/* End PBXGroup section */

/* Begin PBXNativeTarget section */
		DAFFF9EC28FBAED3007CFAB7 /* TaskApp */ = {
			isa = PBXNativeTarget;
			buildConfigurationList = DAFFFA1728FBAED8007CFAB7 /* Build configuration list for PBXNativeTarget "TaskApp" */;
			buildPhases = (
				DAFFF9E928FBAED3007CFAB7 /* Sources */,
				DAFFF9EA28FBAED3007CFAB7 /* Frameworks */,
				DAFFF9EB28FBAED3007CFAB7 /* Resources */,
			);
			buildRules = (
			);
			dependencies = (
			);
			name = TaskApp;
			packageProductDependencies = (
				DA7D240C290E254E0053055C /* FirebaseAnalytics */,
				DA7D240E290E254E0053055C /* FirebaseAuth */,
				DA7D2410290E254E0053055C /* FirebaseFirestore */,
				DA7D2412290E254E0053055C /* FirebaseFirestoreSwift */,
				DA7D2414290E254E0053055C /* FirebaseStorage */,
			);
			productName = TaskApp;
			productReference = DAFFF9ED28FBAED3007CFAB7 /* TaskApp.app */;
			productType = "com.apple.product-type.application";
		};
		DAFFFA0228FBAED8007CFAB7 /* TaskAppTests */ = {
			isa = PBXNativeTarget;
			buildConfigurationList = DAFFFA1A28FBAED8007CFAB7 /* Build configuration list for PBXNativeTarget "TaskAppTests" */;
			buildPhases = (
				DAFFF9FF28FBAED8007CFAB7 /* Sources */,
				DAFFFA0028FBAED8007CFAB7 /* Frameworks */,
				DAFFFA0128FBAED8007CFAB7 /* Resources */,
			);
			buildRules = (
			);
			dependencies = (
				DAFFFA0528FBAED8007CFAB7 /* PBXTargetDependency */,
			);
			name = TaskAppTests;
			productName = TaskAppTests;
			productReference = DAFFFA0328FBAED8007CFAB7 /* TaskAppTests.xctest */;
			productType = "com.apple.product-type.bundle.unit-test";
		};
		DAFFFA0C28FBAED8007CFAB7 /* TaskAppUITests */ = {
			isa = PBXNativeTarget;
			buildConfigurationList = DAFFFA1D28FBAED8007CFAB7 /* Build configuration list for PBXNativeTarget "TaskAppUITests" */;
			buildPhases = (
				DAFFFA0928FBAED8007CFAB7 /* Sources */,
				DAFFFA0A28FBAED8007CFAB7 /* Frameworks */,
				DAFFFA0B28FBAED8007CFAB7 /* Resources */,
			);
			buildRules = (
			);
			dependencies = (
				DAFFFA0F28FBAED8007CFAB7 /* PBXTargetDependency */,
			);
			name = TaskAppUITests;
			productName = TaskAppUITests;
			productReference = DAFFFA0D28FBAED8007CFAB7 /* TaskAppUITests.xctest */;
			productType = "com.apple.product-type.bundle.ui-testing";
		};
/* End PBXNativeTarget section */

/* Begin PBXProject section */
		DAFFF9E528FBAED3007CFAB7 /* Project object */ = {
			isa = PBXProject;
			attributes = {
				BuildIndependentTargetsInParallel = 1;
				LastSwiftUpdateCheck = 1340;
				LastUpgradeCheck = 1340;
				TargetAttributes = {
					DAFFF9EC28FBAED3007CFAB7 = {
						CreatedOnToolsVersion = 13.4.1;
					};
					DAFFFA0228FBAED8007CFAB7 = {
						CreatedOnToolsVersion = 13.4.1;
						TestTargetID = DAFFF9EC28FBAED3007CFAB7;
					};
					DAFFFA0C28FBAED8007CFAB7 = {
						CreatedOnToolsVersion = 13.4.1;
						TestTargetID = DAFFF9EC28FBAED3007CFAB7;
					};
				};
			};
			buildConfigurationList = DAFFF9E828FBAED3007CFAB7 /* Build configuration list for PBXProject "TaskApp" */;
			compatibilityVersion = "Xcode 13.0";
			developmentRegion = en;
			hasScannedForEncodings = 0;
			knownRegions = (
				en,
				Base,
			);
			mainGroup = DAFFF9E428FBAED3007CFAB7;
			packageReferences = (
				DA7D240228FBE0790053055C /* XCRemoteSwiftPackageReference "firebase-ios-sdk" */,
				DA7D240B290E254E0053055C /* XCRemoteSwiftPackageReference "firebase-ios-sdk" */,
			);
			productRefGroup = DAFFF9EE28FBAED3007CFAB7 /* Products */;
			projectDirPath = "";
			projectRoot = "";
			targets = (
				DAFFF9EC28FBAED3007CFAB7 /* TaskApp */,
				DAFFFA0228FBAED8007CFAB7 /* TaskAppTests */,
				DAFFFA0C28FBAED8007CFAB7 /* TaskAppUITests */,
			);
		};
/* End PBXProject section */

/* Begin PBXResourcesBuildPhase section */
		DAFFF9EB28FBAED3007CFAB7 /* Resources */ = {
			isa = PBXResourcesBuildPhase;
			buildActionMask = 2147483647;
			files = (
				DAFFF9FD28FBAED7007CFAB7 /* LaunchScreen.storyboard in Resources */,
				DAFFF9FA28FBAED7007CFAB7 /* Assets.xcassets in Resources */,
				DAFFFA2F28FBD788007CFAB7 /* ChatTableViewCell.xib in Resources */,
				DAFFF9F828FBAED3007CFAB7 /* Main.storyboard in Resources */,
				DA7D241B290E4F710053055C /* GoogleService-Info.plist in Resources */,
			);
			runOnlyForDeploymentPostprocessing = 0;
		};
		DAFFFA0128FBAED8007CFAB7 /* Resources */ = {
			isa = PBXResourcesBuildPhase;
			buildActionMask = 2147483647;
			files = (
			);
			runOnlyForDeploymentPostprocessing = 0;
		};
		DAFFFA0B28FBAED8007CFAB7 /* Resources */ = {
			isa = PBXResourcesBuildPhase;
			buildActionMask = 2147483647;
			files = (
			);
			runOnlyForDeploymentPostprocessing = 0;
		};
/* End PBXResourcesBuildPhase section */

/* Begin PBXSourcesBuildPhase section */
		DAFFF9E928FBAED3007CFAB7 /* Sources */ = {
			isa = PBXSourcesBuildPhase;
			buildActionMask = 2147483647;
			files = (
				DAFFF9F528FBAED3007CFAB7 /* ViewController.swift in Sources */,
				DAFFF9F128FBAED3007CFAB7 /* AppDelegate.swift in Sources */,
				DA7D2417290E275E0053055C /* SignUpViewController.swift in Sources */,
				DAFFFA2E28FBD788007CFAB7 /* ChatTableViewCell.swift in Sources */,
				DA7D241D290E540C0053055C /* LoginViewController.swift in Sources */,
				DAFFF9F328FBAED3007CFAB7 /* SceneDelegate.swift in Sources */,
				DAFFFA2B28FBD4CD007CFAB7 /* ChatListViewController.swift in Sources */,
				DAFFFA3128FBD8A6007CFAB7 /* Chat_logViewController.swift in Sources */,
			);
			runOnlyForDeploymentPostprocessing = 0;
		};
		DAFFF9FF28FBAED8007CFAB7 /* Sources */ = {
			isa = PBXSourcesBuildPhase;
			buildActionMask = 2147483647;
			files = (
				DAFFFA0828FBAED8007CFAB7 /* TaskAppTests.swift in Sources */,
			);
			runOnlyForDeploymentPostprocessing = 0;
		};
		DAFFFA0928FBAED8007CFAB7 /* Sources */ = {
			isa = PBXSourcesBuildPhase;
			buildActionMask = 2147483647;
			files = (
				DAFFFA1228FBAED8007CFAB7 /* TaskAppUITests.swift in Sources */,
				DAFFFA1428FBAED8007CFAB7 /* TaskAppUITestsLaunchTests.swift in Sources */,
			);
			runOnlyForDeploymentPostprocessing = 0;
		};
/* End PBXSourcesBuildPhase section */

/* Begin PBXTargetDependency section */
		DAFFFA0528FBAED8007CFAB7 /* PBXTargetDependency */ = {
			isa = PBXTargetDependency;
			target = DAFFF9EC28FBAED3007CFAB7 /* TaskApp */;
			targetProxy = DAFFFA0428FBAED8007CFAB7 /* PBXContainerItemProxy */;
		};
		DAFFFA0F28FBAED8007CFAB7 /* PBXTargetDependency */ = {
			isa = PBXTargetDependency;
			target = DAFFF9EC28FBAED3007CFAB7 /* TaskApp */;
			targetProxy = DAFFFA0E28FBAED8007CFAB7 /* PBXContainerItemProxy */;
		};
/* End PBXTargetDependency section */

/* Begin PBXVariantGroup section */
		DAFFF9F628FBAED3007CFAB7 /* Main.storyboard */ = {
			isa = PBXVariantGroup;
			children = (
				DAFFF9F728FBAED3007CFAB7 /* Base */,
			);
			name = Main.storyboard;
			sourceTree = "<group>";
		};
		DAFFF9FB28FBAED7007CFAB7 /* LaunchScreen.storyboard */ = {
			isa = PBXVariantGroup;
			children = (
				DAFFF9FC28FBAED7007CFAB7 /* Base */,
			);
			name = LaunchScreen.storyboard;
			sourceTree = "<group>";
		};
/* End PBXVariantGroup section */

/* Begin XCBuildConfiguration section */
		DAFFFA1528FBAED8007CFAB7 /* Debug */ = {
			isa = XCBuildConfiguration;
			buildSettings = {
				ALWAYS_SEARCH_USER_PATHS = NO;
				CLANG_ANALYZER_NONNULL = YES;
				CLANG_ANALYZER_NUMBER_OBJECT_CONVERSION = YES_AGGRESSIVE;
				CLANG_CXX_LANGUAGE_STANDARD = "gnu++17";
				CLANG_ENABLE_MODULES = YES;
				CLANG_ENABLE_OBJC_ARC = YES;
				CLANG_ENABLE_OBJC_WEAK = YES;
				CLANG_WARN_BLOCK_CAPTURE_AUTORELEASING = YES;
				CLANG_WARN_BOOL_CONVERSION = YES;
				CLANG_WARN_COMMA = YES;
				CLANG_WARN_CONSTANT_CONVERSION = YES;
				CLANG_WARN_DEPRECATED_OBJC_IMPLEMENTATIONS = YES;
				CLANG_WARN_DIRECT_OBJC_ISA_USAGE = YES_ERROR;
				CLANG_WARN_DOCUMENTATION_COMMENTS = YES;
				CLANG_WARN_EMPTY_BODY = YES;
				CLANG_WARN_ENUM_CONVERSION = YES;
				CLANG_WARN_INFINITE_RECURSION = YES;
				CLANG_WARN_INT_CONVERSION = YES;
				CLANG_WARN_NON_LITERAL_NULL_CONVERSION = YES;
				CLANG_WARN_OBJC_IMPLICIT_RETAIN_SELF = YES;
				CLANG_WARN_OBJC_LITERAL_CONVERSION = YES;
				CLANG_WARN_OBJC_ROOT_CLASS = YES_ERROR;
				CLANG_WARN_QUOTED_INCLUDE_IN_FRAMEWORK_HEADER = YES;
				CLANG_WARN_RANGE_LOOP_ANALYSIS = YES;
				CLANG_WARN_STRICT_PROTOTYPES = YES;
				CLANG_WARN_SUSPICIOUS_MOVE = YES;
				CLANG_WARN_UNGUARDED_AVAILABILITY = YES_AGGRESSIVE;
				CLANG_WARN_UNREACHABLE_CODE = YES;
				CLANG_WARN__DUPLICATE_METHOD_MATCH = YES;
				COPY_PHASE_STRIP = NO;
				DEBUG_INFORMATION_FORMAT = dwarf;
				ENABLE_STRICT_OBJC_MSGSEND = YES;
				ENABLE_TESTABILITY = YES;
				GCC_C_LANGUAGE_STANDARD = gnu11;
				GCC_DYNAMIC_NO_PIC = NO;
				GCC_NO_COMMON_BLOCKS = YES;
				GCC_OPTIMIZATION_LEVEL = 0;
				GCC_PREPROCESSOR_DEFINITIONS = (
					"DEBUG=1",
					"$(inherited)",
				);
				GCC_WARN_64_TO_32_BIT_CONVERSION = YES;
				GCC_WARN_ABOUT_RETURN_TYPE = YES_ERROR;
				GCC_WARN_UNDECLARED_SELECTOR = YES;
				GCC_WARN_UNINITIALIZED_AUTOS = YES_AGGRESSIVE;
				GCC_WARN_UNUSED_FUNCTION = YES;
				GCC_WARN_UNUSED_VARIABLE = YES;
				IPHONEOS_DEPLOYMENT_TARGET = 15.5;
				MTL_ENABLE_DEBUG_INFO = INCLUDE_SOURCE;
				MTL_FAST_MATH = YES;
				ONLY_ACTIVE_ARCH = YES;
				SDKROOT = iphoneos;
				SWIFT_ACTIVE_COMPILATION_CONDITIONS = DEBUG;
				SWIFT_OPTIMIZATION_LEVEL = "-Onone";
			};
			name = Debug;
		};
		DAFFFA1628FBAED8007CFAB7 /* Release */ = {
			isa = XCBuildConfiguration;
			buildSettings = {
				ALWAYS_SEARCH_USER_PATHS = NO;
				CLANG_ANALYZER_NONNULL = YES;
				CLANG_ANALYZER_NUMBER_OBJECT_CONVERSION = YES_AGGRESSIVE;
				CLANG_CXX_LANGUAGE_STANDARD = "gnu++17";
				CLANG_ENABLE_MODULES = YES;
				CLANG_ENABLE_OBJC_ARC = YES;
				CLANG_ENABLE_OBJC_WEAK = YES;
				CLANG_WARN_BLOCK_CAPTURE_AUTORELEASING = YES;
				CLANG_WARN_BOOL_CONVERSION = YES;
				CLANG_WARN_COMMA = YES;
				CLANG_WARN_CONSTANT_CONVERSION = YES;
				CLANG_WARN_DEPRECATED_OBJC_IMPLEMENTATIONS = YES;
				CLANG_WARN_DIRECT_OBJC_ISA_USAGE = YES_ERROR;
				CLANG_WARN_DOCUMENTATION_COMMENTS = YES;
				CLANG_WARN_EMPTY_BODY = YES;
				CLANG_WARN_ENUM_CONVERSION = YES;
				CLANG_WARN_INFINITE_RECURSION = YES;
				CLANG_WARN_INT_CONVERSION = YES;
				CLANG_WARN_NON_LITERAL_NULL_CONVERSION = YES;
				CLANG_WARN_OBJC_IMPLICIT_RETAIN_SELF = YES;
				CLANG_WARN_OBJC_LITERAL_CONVERSION = YES;
				CLANG_WARN_OBJC_ROOT_CLASS = YES_ERROR;
				CLANG_WARN_QUOTED_INCLUDE_IN_FRAMEWORK_HEADER = YES;
				CLANG_WARN_RANGE_LOOP_ANALYSIS = YES;
				CLANG_WARN_STRICT_PROTOTYPES = YES;
				CLANG_WARN_SUSPICIOUS_MOVE = YES;
				CLANG_WARN_UNGUARDED_AVAILABILITY = YES_AGGRESSIVE;
				CLANG_WARN_UNREACHABLE_CODE = YES;
				CLANG_WARN__DUPLICATE_METHOD_MATCH = YES;
				COPY_PHASE_STRIP = NO;
				DEBUG_INFORMATION_FORMAT = "dwarf-with-dsym";
				ENABLE_NS_ASSERTIONS = NO;
				ENABLE_STRICT_OBJC_MSGSEND = YES;
				GCC_C_LANGUAGE_STANDARD = gnu11;
				GCC_NO_COMMON_BLOCKS = YES;
				GCC_WARN_64_TO_32_BIT_CONVERSION = YES;
				GCC_WARN_ABOUT_RETURN_TYPE = YES_ERROR;
				GCC_WARN_UNDECLARED_SELECTOR = YES;
				GCC_WARN_UNINITIALIZED_AUTOS = YES_AGGRESSIVE;
				GCC_WARN_UNUSED_FUNCTION = YES;
				GCC_WARN_UNUSED_VARIABLE = YES;
				IPHONEOS_DEPLOYMENT_TARGET = 15.5;
				MTL_ENABLE_DEBUG_INFO = NO;
				MTL_FAST_MATH = YES;
				SDKROOT = iphoneos;
				SWIFT_COMPILATION_MODE = wholemodule;
				SWIFT_OPTIMIZATION_LEVEL = "-O";
				VALIDATE_PRODUCT = YES;
			};
			name = Release;
		};
		DAFFFA1828FBAED8007CFAB7 /* Debug */ = {
			isa = XCBuildConfiguration;
			buildSettings = {
				ASSETCATALOG_COMPILER_APPICON_NAME = AppIcon;
				ASSETCATALOG_COMPILER_GLOBAL_ACCENT_COLOR_NAME = AccentColor;
				CODE_SIGN_STYLE = Automatic;
				CURRENT_PROJECT_VERSION = 1;
				GENERATE_INFOPLIST_FILE = YES;
				INFOPLIST_FILE = TaskApp/Info.plist;
				INFOPLIST_KEY_UIApplicationSupportsIndirectInputEvents = YES;
				INFOPLIST_KEY_UILaunchStoryboardName = LaunchScreen;
				INFOPLIST_KEY_UIMainStoryboardFile = Main;
				INFOPLIST_KEY_UISupportedInterfaceOrientations_iPad = "UIInterfaceOrientationPortrait UIInterfaceOrientationPortraitUpsideDown UIInterfaceOrientationLandscapeLeft UIInterfaceOrientationLandscapeRight";
				INFOPLIST_KEY_UISupportedInterfaceOrientations_iPhone = "UIInterfaceOrientationPortrait UIInterfaceOrientationLandscapeLeft UIInterfaceOrientationLandscapeRight";
				LD_RUNPATH_SEARCH_PATHS = (
					"$(inherited)",
					"@executable_path/Frameworks",
				);
				MARKETING_VERSION = 1.0;
				PRODUCT_BUNDLE_IDENTIFIER = com.lifeistech.TaskApp;
				PRODUCT_NAME = "$(TARGET_NAME)";
				SWIFT_EMIT_LOC_STRINGS = YES;
				SWIFT_VERSION = 5.0;
				TARGETED_DEVICE_FAMILY = "1,2";
			};
			name = Debug;
		};
		DAFFFA1928FBAED8007CFAB7 /* Release */ = {
			isa = XCBuildConfiguration;
			buildSettings = {
				ASSETCATALOG_COMPILER_APPICON_NAME = AppIcon;
				ASSETCATALOG_COMPILER_GLOBAL_ACCENT_COLOR_NAME = AccentColor;
				CODE_SIGN_STYLE = Automatic;
				CURRENT_PROJECT_VERSION = 1;
				GENERATE_INFOPLIST_FILE = YES;
				INFOPLIST_FILE = TaskApp/Info.plist;
				INFOPLIST_KEY_UIApplicationSupportsIndirectInputEvents = YES;
				INFOPLIST_KEY_UILaunchStoryboardName = LaunchScreen;
				INFOPLIST_KEY_UIMainStoryboardFile = Main;
				INFOPLIST_KEY_UISupportedInterfaceOrientations_iPad = "UIInterfaceOrientationPortrait UIInterfaceOrientationPortraitUpsideDown UIInterfaceOrientationLandscapeLeft UIInterfaceOrientationLandscapeRight";
				INFOPLIST_KEY_UISupportedInterfaceOrientations_iPhone = "UIInterfaceOrientationPortrait UIInterfaceOrientationLandscapeLeft UIInterfaceOrientationLandscapeRight";
				LD_RUNPATH_SEARCH_PATHS = (
					"$(inherited)",
					"@executable_path/Frameworks",
				);
				MARKETING_VERSION = 1.0;
				PRODUCT_BUNDLE_IDENTIFIER = com.lifeistech.TaskApp;
				PRODUCT_NAME = "$(TARGET_NAME)";
				SWIFT_EMIT_LOC_STRINGS = YES;
				SWIFT_VERSION = 5.0;
				TARGETED_DEVICE_FAMILY = "1,2";
			};
			name = Release;
		};
		DAFFFA1B28FBAED8007CFAB7 /* Debug */ = {
			isa = XCBuildConfiguration;
			buildSettings = {
				ALWAYS_EMBED_SWIFT_STANDARD_LIBRARIES = YES;
				BUNDLE_LOADER = "$(TEST_HOST)";
				CODE_SIGN_STYLE = Automatic;
				CURRENT_PROJECT_VERSION = 1;
				GENERATE_INFOPLIST_FILE = YES;
				IPHONEOS_DEPLOYMENT_TARGET = 15.5;
				MARKETING_VERSION = 1.0;
				PRODUCT_BUNDLE_IDENTIFIER = com.lifeistech.TaskAppTests;
				PRODUCT_NAME = "$(TARGET_NAME)";
				SWIFT_EMIT_LOC_STRINGS = NO;
				SWIFT_VERSION = 5.0;
				TARGETED_DEVICE_FAMILY = "1,2";
				TEST_HOST = "$(BUILT_PRODUCTS_DIR)/TaskApp.app/TaskApp";
			};
			name = Debug;
		};
		DAFFFA1C28FBAED8007CFAB7 /* Release */ = {
			isa = XCBuildConfiguration;
			buildSettings = {
				ALWAYS_EMBED_SWIFT_STANDARD_LIBRARIES = YES;
				BUNDLE_LOADER = "$(TEST_HOST)";
				CODE_SIGN_STYLE = Automatic;
				CURRENT_PROJECT_VERSION = 1;
				GENERATE_INFOPLIST_FILE = YES;
				IPHONEOS_DEPLOYMENT_TARGET = 15.5;
				MARKETING_VERSION = 1.0;
				PRODUCT_BUNDLE_IDENTIFIER = com.lifeistech.TaskAppTests;
				PRODUCT_NAME = "$(TARGET_NAME)";
				SWIFT_EMIT_LOC_STRINGS = NO;
				SWIFT_VERSION = 5.0;
				TARGETED_DEVICE_FAMILY = "1,2";
				TEST_HOST = "$(BUILT_PRODUCTS_DIR)/TaskApp.app/TaskApp";
			};
			name = Release;
		};
		DAFFFA1E28FBAED8007CFAB7 /* Debug */ = {
			isa = XCBuildConfiguration;
			buildSettings = {
				ALWAYS_EMBED_SWIFT_STANDARD_LIBRARIES = YES;
				CODE_SIGN_STYLE = Automatic;
				CURRENT_PROJECT_VERSION = 1;
				GENERATE_INFOPLIST_FILE = YES;
				MARKETING_VERSION = 1.0;
				PRODUCT_BUNDLE_IDENTIFIER = com.lifeistech.TaskAppUITests;
				PRODUCT_NAME = "$(TARGET_NAME)";
				SWIFT_EMIT_LOC_STRINGS = NO;
				SWIFT_VERSION = 5.0;
				TARGETED_DEVICE_FAMILY = "1,2";
				TEST_TARGET_NAME = TaskApp;
			};
			name = Debug;
		};
		DAFFFA1F28FBAED8007CFAB7 /* Release */ = {
			isa = XCBuildConfiguration;
			buildSettings = {
				ALWAYS_EMBED_SWIFT_STANDARD_LIBRARIES = YES;
				CODE_SIGN_STYLE = Automatic;
				CURRENT_PROJECT_VERSION = 1;
				GENERATE_INFOPLIST_FILE = YES;
				MARKETING_VERSION = 1.0;
				PRODUCT_BUNDLE_IDENTIFIER = com.lifeistech.TaskAppUITests;
				PRODUCT_NAME = "$(TARGET_NAME)";
				SWIFT_EMIT_LOC_STRINGS = NO;
				SWIFT_VERSION = 5.0;
				TARGETED_DEVICE_FAMILY = "1,2";
				TEST_TARGET_NAME = TaskApp;
			};
			name = Release;
		};
/* End XCBuildConfiguration section */

/* Begin XCConfigurationList section */
		DAFFF9E828FBAED3007CFAB7 /* Build configuration list for PBXProject "TaskApp" */ = {
			isa = XCConfigurationList;
			buildConfigurations = (
				DAFFFA1528FBAED8007CFAB7 /* Debug */,
				DAFFFA1628FBAED8007CFAB7 /* Release */,
			);
			defaultConfigurationIsVisible = 0;
			defaultConfigurationName = Release;
		};
		DAFFFA1728FBAED8007CFAB7 /* Build configuration list for PBXNativeTarget "TaskApp" */ = {
			isa = XCConfigurationList;
			buildConfigurations = (
				DAFFFA1828FBAED8007CFAB7 /* Debug */,
				DAFFFA1928FBAED8007CFAB7 /* Release */,
			);
			defaultConfigurationIsVisible = 0;
			defaultConfigurationName = Release;
		};
		DAFFFA1A28FBAED8007CFAB7 /* Build configuration list for PBXNativeTarget "TaskAppTests" */ = {
			isa = XCConfigurationList;
			buildConfigurations = (
				DAFFFA1B28FBAED8007CFAB7 /* Debug */,
				DAFFFA1C28FBAED8007CFAB7 /* Release */,
			);
			defaultConfigurationIsVisible = 0;
			defaultConfigurationName = Release;
		};
		DAFFFA1D28FBAED8007CFAB7 /* Build configuration list for PBXNativeTarget "TaskAppUITests" */ = {
			isa = XCConfigurationList;
			buildConfigurations = (
				DAFFFA1E28FBAED8007CFAB7 /* Debug */,
				DAFFFA1F28FBAED8007CFAB7 /* Release */,
			);
			defaultConfigurationIsVisible = 0;
			defaultConfigurationName = Release;
		};
/* End XCConfigurationList section */

/* Begin XCRemoteSwiftPackageReference section */
		DA7D240228FBE0790053055C /* XCRemoteSwiftPackageReference "firebase-ios-sdk" */ = {
			isa = XCRemoteSwiftPackageReference;
			repositoryURL = "https://github.com/firebase/firebase-ios-sdk";
			requirement = {
				kind = upToNextMajorVersion;
				minimumVersion = 9.0.0;
			};
		};
		DA7D240B290E254E0053055C /* XCRemoteSwiftPackageReference "firebase-ios-sdk" */ = {
			isa = XCRemoteSwiftPackageReference;
			repositoryURL = "https://github.com/firebase/firebase-ios-sdk";
			requirement = {
				branch = master;
				kind = branch;
			};
		};
/* End XCRemoteSwiftPackageReference section */

/* Begin XCSwiftPackageProductDependency section */
		DA7D240C290E254E0053055C /* FirebaseAnalytics */ = {
			isa = XCSwiftPackageProductDependency;
			package = DA7D240B290E254E0053055C /* XCRemoteSwiftPackageReference "firebase-ios-sdk" */;
			productName = FirebaseAnalytics;
		};
		DA7D240E290E254E0053055C /* FirebaseAuth */ = {
			isa = XCSwiftPackageProductDependency;
			package = DA7D240B290E254E0053055C /* XCRemoteSwiftPackageReference "firebase-ios-sdk" */;
			productName = FirebaseAuth;
		};
		DA7D2410290E254E0053055C /* FirebaseFirestore */ = {
			isa = XCSwiftPackageProductDependency;
			package = DA7D240B290E254E0053055C /* XCRemoteSwiftPackageReference "firebase-ios-sdk" */;
			productName = FirebaseFirestore;
		};
		DA7D2412290E254E0053055C /* FirebaseFirestoreSwift */ = {
			isa = XCSwiftPackageProductDependency;
			package = DA7D240B290E254E0053055C /* XCRemoteSwiftPackageReference "firebase-ios-sdk" */;
			productName = FirebaseFirestoreSwift;
		};
		DA7D2414290E254E0053055C /* FirebaseStorage */ = {
			isa = XCSwiftPackageProductDependency;
			package = DA7D240B290E254E0053055C /* XCRemoteSwiftPackageReference "firebase-ios-sdk" */;
			productName = FirebaseStorage;
		};
/* End XCSwiftPackageProductDependency section */
	};
	rootObject = DAFFF9E528FBAED3007CFAB7 /* Project object */;
}
